// !$*UTF8*$!
{
	archiveVersion = 1;
	classes = {
	};
	objectVersion = 46;
	objects = {

/* Begin PBXBuildFile section */
		AD3E46651C1D3E02000EC075 /* FKValidatorRuleMatchPattern.swift in Sources */ = {isa = PBXBuildFile; fileRef = AD3E46641C1D3E02000EC075 /* FKValidatorRuleMatchPattern.swift */; };
		AD3E46671C1D4084000EC075 /* FKValidatorRuleMatchValue.swift in Sources */ = {isa = PBXBuildFile; fileRef = AD3E46661C1D4084000EC075 /* FKValidatorRuleMatchValue.swift */; };
		AD3E46691C1D460C000EC075 /* FKValidatorRulePostalCode.swift in Sources */ = {isa = PBXBuildFile; fileRef = AD3E46681C1D460C000EC075 /* FKValidatorRulePostalCode.swift */; };
		AD3E466B1C1D46E1000EC075 /* FKValidatorRuleEmail.swift in Sources */ = {isa = PBXBuildFile; fileRef = AD3E466A1C1D46E1000EC075 /* FKValidatorRuleEmail.swift */; };
		AD3E466D1C1D48F5000EC075 /* FKValidatorRuleURL.swift in Sources */ = {isa = PBXBuildFile; fileRef = AD3E466C1C1D48F5000EC075 /* FKValidatorRuleURL.swift */; };
		AD3E466F1C1D497A000EC075 /* FKValidatorRuleTelephone.swift in Sources */ = {isa = PBXBuildFile; fileRef = AD3E466E1C1D497A000EC075 /* FKValidatorRuleTelephone.swift */; };
		AD3E467A1C1D5124000EC075 /* FKValidatorRuleNumeric.swift in Sources */ = {isa = PBXBuildFile; fileRef = AD3E46791C1D5124000EC075 /* FKValidatorRuleNumeric.swift */; };
		AD3E467C1C1D51D6000EC075 /* FKValidatorRuleAlphabet.swift in Sources */ = {isa = PBXBuildFile; fileRef = AD3E467B1C1D51D6000EC075 /* FKValidatorRuleAlphabet.swift */; };
		AD3E467E1C1D525F000EC075 /* FKValidatorRuleAlnum.swift in Sources */ = {isa = PBXBuildFile; fileRef = AD3E467D1C1D525F000EC075 /* FKValidatorRuleAlnum.swift */; };
		ADBC8A6C1C1D384A00B3C81D /* FKValidatorConfig.swift in Sources */ = {isa = PBXBuildFile; fileRef = ADBC8A6B1C1D384A00B3C81D /* FKValidatorConfig.swift */; };
		ADBC8A6E1C1D392000B3C81D /* FKValidatorRuleMinNumber.swift in Sources */ = {isa = PBXBuildFile; fileRef = ADBC8A6D1C1D392000B3C81D /* FKValidatorRuleMinNumber.swift */; };
		ADBC8A701C1D3B5000B3C81D /* FKValidatorRuleMaxNumber.swift in Sources */ = {isa = PBXBuildFile; fileRef = ADBC8A6F1C1D3B5000B3C81D /* FKValidatorRuleMaxNumber.swift */; };
		ADBC8A721C1D3C6200B3C81D /* FKValidatorRuleBetweenNumber.swift in Sources */ = {isa = PBXBuildFile; fileRef = ADBC8A711C1D3C6200B3C81D /* FKValidatorRuleBetweenNumber.swift */; };
		ADF0DB931C1D326600420CA0 /* AppDelegate.swift in Sources */ = {isa = PBXBuildFile; fileRef = ADF0DB921C1D326600420CA0 /* AppDelegate.swift */; };
		ADF0DB951C1D326700420CA0 /* ViewController.swift in Sources */ = {isa = PBXBuildFile; fileRef = ADF0DB941C1D326600420CA0 /* ViewController.swift */; };
		ADF0DB981C1D326700420CA0 /* Main.storyboard in Resources */ = {isa = PBXBuildFile; fileRef = ADF0DB961C1D326700420CA0 /* Main.storyboard */; };
		ADF0DB9A1C1D326700420CA0 /* Assets.xcassets in Resources */ = {isa = PBXBuildFile; fileRef = ADF0DB991C1D326700420CA0 /* Assets.xcassets */; };
		ADF0DB9D1C1D326700420CA0 /* LaunchScreen.storyboard in Resources */ = {isa = PBXBuildFile; fileRef = ADF0DB9B1C1D326700420CA0 /* LaunchScreen.storyboard */; };
		ADF0DBA81C1D326700420CA0 /* FKValidatorTests.swift in Sources */ = {isa = PBXBuildFile; fileRef = ADF0DBA71C1D326700420CA0 /* FKValidatorTests.swift */; };
		ADF0DBB41C1D32B100420CA0 /* FKValidator.swift in Sources */ = {isa = PBXBuildFile; fileRef = ADF0DBB31C1D32B100420CA0 /* FKValidator.swift */; };
		ADF0DBB71C1D336000420CA0 /* FKValidatorRule.swift in Sources */ = {isa = PBXBuildFile; fileRef = ADF0DBB61C1D336000420CA0 /* FKValidatorRule.swift */; };
		ADF0DBB91C1D338500420CA0 /* FKValidatorRuleRequired.swift in Sources */ = {isa = PBXBuildFile; fileRef = ADF0DBB81C1D338500420CA0 /* FKValidatorRuleRequired.swift */; };
		ADF0DBBB1C1D33AB00420CA0 /* FKValidatorRuleExactLength.swift in Sources */ = {isa = PBXBuildFile; fileRef = ADF0DBBA1C1D33AB00420CA0 /* FKValidatorRuleExactLength.swift */; };
		ADF0DBBD1C1D33BF00420CA0 /* FKValidatorRuleMinLength.swift in Sources */ = {isa = PBXBuildFile; fileRef = ADF0DBBC1C1D33BF00420CA0 /* FKValidatorRuleMinLength.swift */; };
		ADF0DBBF1C1D33D700420CA0 /* FKValidatorRuleMaxLength.swift in Sources */ = {isa = PBXBuildFile; fileRef = ADF0DBBE1C1D33D700420CA0 /* FKValidatorRuleMaxLength.swift */; };
/* End PBXBuildFile section */

/* Begin PBXContainerItemProxy section */
		ADF0DBA41C1D326700420CA0 /* PBXContainerItemProxy */ = {
			isa = PBXContainerItemProxy;
			containerPortal = ADF0DB871C1D326500420CA0 /* Project object */;
			proxyType = 1;
			remoteGlobalIDString = ADF0DB8E1C1D326500420CA0;
			remoteInfo = FKValidator;
		};
/* End PBXContainerItemProxy section */

/* Begin PBXFileReference section */
		AD3E46641C1D3E02000EC075 /* FKValidatorRuleMatchPattern.swift */ = {isa = PBXFileReference; fileEncoding = 4; lastKnownFileType = sourcecode.swift; path = FKValidatorRuleMatchPattern.swift; sourceTree = "<group>"; };
		AD3E46661C1D4084000EC075 /* FKValidatorRuleMatchValue.swift */ = {isa = PBXFileReference; fileEncoding = 4; lastKnownFileType = sourcecode.swift; path = FKValidatorRuleMatchValue.swift; sourceTree = "<group>"; };
		AD3E46681C1D460C000EC075 /* FKValidatorRulePostalCode.swift */ = {isa = PBXFileReference; fileEncoding = 4; lastKnownFileType = sourcecode.swift; path = FKValidatorRulePostalCode.swift; sourceTree = "<group>"; };
		AD3E466A1C1D46E1000EC075 /* FKValidatorRuleEmail.swift */ = {isa = PBXFileReference; fileEncoding = 4; lastKnownFileType = sourcecode.swift; path = FKValidatorRuleEmail.swift; sourceTree = "<group>"; };
		AD3E466C1C1D48F5000EC075 /* FKValidatorRuleURL.swift */ = {isa = PBXFileReference; fileEncoding = 4; lastKnownFileType = sourcecode.swift; path = FKValidatorRuleURL.swift; sourceTree = "<group>"; };
		AD3E466E1C1D497A000EC075 /* FKValidatorRuleTelephone.swift */ = {isa = PBXFileReference; fileEncoding = 4; lastKnownFileType = sourcecode.swift; path = FKValidatorRuleTelephone.swift; sourceTree = "<group>"; };
		AD3E46791C1D5124000EC075 /* FKValidatorRuleNumeric.swift */ = {isa = PBXFileReference; fileEncoding = 4; lastKnownFileType = sourcecode.swift; path = FKValidatorRuleNumeric.swift; sourceTree = "<group>"; };
		AD3E467B1C1D51D6000EC075 /* FKValidatorRuleAlphabet.swift */ = {isa = PBXFileReference; fileEncoding = 4; lastKnownFileType = sourcecode.swift; path = FKValidatorRuleAlphabet.swift; sourceTree = "<group>"; };
		AD3E467D1C1D525F000EC075 /* FKValidatorRuleAlnum.swift */ = {isa = PBXFileReference; fileEncoding = 4; lastKnownFileType = sourcecode.swift; path = FKValidatorRuleAlnum.swift; sourceTree = "<group>"; };
		ADBC8A6B1C1D384A00B3C81D /* FKValidatorConfig.swift */ = {isa = PBXFileReference; fileEncoding = 4; lastKnownFileType = sourcecode.swift; path = FKValidatorConfig.swift; sourceTree = "<group>"; };
		ADBC8A6D1C1D392000B3C81D /* FKValidatorRuleMinNumber.swift */ = {isa = PBXFileReference; fileEncoding = 4; lastKnownFileType = sourcecode.swift; path = FKValidatorRuleMinNumber.swift; sourceTree = "<group>"; };
		ADBC8A6F1C1D3B5000B3C81D /* FKValidatorRuleMaxNumber.swift */ = {isa = PBXFileReference; fileEncoding = 4; lastKnownFileType = sourcecode.swift; path = FKValidatorRuleMaxNumber.swift; sourceTree = "<group>"; };
		ADBC8A711C1D3C6200B3C81D /* FKValidatorRuleBetweenNumber.swift */ = {isa = PBXFileReference; fileEncoding = 4; lastKnownFileType = sourcecode.swift; path = FKValidatorRuleBetweenNumber.swift; sourceTree = "<group>"; };
		ADF0DB8F1C1D326600420CA0 /* FKValidator.app */ = {isa = PBXFileReference; explicitFileType = wrapper.application; includeInIndex = 0; path = FKValidator.app; sourceTree = BUILT_PRODUCTS_DIR; };
		ADF0DB921C1D326600420CA0 /* AppDelegate.swift */ = {isa = PBXFileReference; lastKnownFileType = sourcecode.swift; path = AppDelegate.swift; sourceTree = "<group>"; };
		ADF0DB941C1D326600420CA0 /* ViewController.swift */ = {isa = PBXFileReference; lastKnownFileType = sourcecode.swift; path = ViewController.swift; sourceTree = "<group>"; };
		ADF0DB971C1D326700420CA0 /* Base */ = {isa = PBXFileReference; lastKnownFileType = file.storyboard; name = Base; path = Base.lproj/Main.storyboard; sourceTree = "<group>"; };
		ADF0DB991C1D326700420CA0 /* Assets.xcassets */ = {isa = PBXFileReference; lastKnownFileType = folder.assetcatalog; path = Assets.xcassets; sourceTree = "<group>"; };
		ADF0DB9C1C1D326700420CA0 /* Base */ = {isa = PBXFileReference; lastKnownFileType = file.storyboard; name = Base; path = Base.lproj/LaunchScreen.storyboard; sourceTree = "<group>"; };
		ADF0DB9E1C1D326700420CA0 /* Info.plist */ = {isa = PBXFileReference; lastKnownFileType = text.plist.xml; path = Info.plist; sourceTree = "<group>"; };
		ADF0DBA31C1D326700420CA0 /* FKValidatorTests.xctest */ = {isa = PBXFileReference; explicitFileType = wrapper.cfbundle; includeInIndex = 0; path = FKValidatorTests.xctest; sourceTree = BUILT_PRODUCTS_DIR; };
		ADF0DBA71C1D326700420CA0 /* FKValidatorTests.swift */ = {isa = PBXFileReference; lastKnownFileType = sourcecode.swift; path = FKValidatorTests.swift; sourceTree = "<group>"; };
		ADF0DBA91C1D326700420CA0 /* Info.plist */ = {isa = PBXFileReference; lastKnownFileType = text.plist.xml; path = Info.plist; sourceTree = "<group>"; };
		ADF0DBB31C1D32B100420CA0 /* FKValidator.swift */ = {isa = PBXFileReference; fileEncoding = 4; lastKnownFileType = sourcecode.swift; path = FKValidator.swift; sourceTree = "<group>"; };
		ADF0DBB61C1D336000420CA0 /* FKValidatorRule.swift */ = {isa = PBXFileReference; fileEncoding = 4; lastKnownFileType = sourcecode.swift; path = FKValidatorRule.swift; sourceTree = "<group>"; };
		ADF0DBB81C1D338500420CA0 /* FKValidatorRuleRequired.swift */ = {isa = PBXFileReference; fileEncoding = 4; lastKnownFileType = sourcecode.swift; path = FKValidatorRuleRequired.swift; sourceTree = "<group>"; };
		ADF0DBBA1C1D33AB00420CA0 /* FKValidatorRuleExactLength.swift */ = {isa = PBXFileReference; fileEncoding = 4; lastKnownFileType = sourcecode.swift; path = FKValidatorRuleExactLength.swift; sourceTree = "<group>"; };
		ADF0DBBC1C1D33BF00420CA0 /* FKValidatorRuleMinLength.swift */ = {isa = PBXFileReference; fileEncoding = 4; lastKnownFileType = sourcecode.swift; path = FKValidatorRuleMinLength.swift; sourceTree = "<group>"; };
		ADF0DBBE1C1D33D700420CA0 /* FKValidatorRuleMaxLength.swift */ = {isa = PBXFileReference; fileEncoding = 4; lastKnownFileType = sourcecode.swift; path = FKValidatorRuleMaxLength.swift; sourceTree = "<group>"; };
/* End PBXFileReference section */

/* Begin PBXFrameworksBuildPhase section */
		ADF0DB8C1C1D326500420CA0 /* Frameworks */ = {
			isa = PBXFrameworksBuildPhase;
			buildActionMask = 2147483647;
			files = (
			);
			runOnlyForDeploymentPostprocessing = 0;
		};
		ADF0DBA01C1D326700420CA0 /* Frameworks */ = {
			isa = PBXFrameworksBuildPhase;
			buildActionMask = 2147483647;
			files = (
			);
			runOnlyForDeploymentPostprocessing = 0;
		};
/* End PBXFrameworksBuildPhase section */

/* Begin PBXGroup section */
		ADF0DB861C1D326500420CA0 = {
			isa = PBXGroup;
			children = (
				ADF0DBB21C1D328A00420CA0 /* Classes */,
				ADF0DB911C1D326600420CA0 /* FKValidator */,
				ADF0DBA61C1D326700420CA0 /* FKValidatorTests */,
				ADF0DB901C1D326600420CA0 /* Products */,
			);
			sourceTree = "<group>";
		};
		ADF0DB901C1D326600420CA0 /* Products */ = {
			isa = PBXGroup;
			children = (
				ADF0DB8F1C1D326600420CA0 /* FKValidator.app */,
				ADF0DBA31C1D326700420CA0 /* FKValidatorTests.xctest */,
			);
			name = Products;
			sourceTree = "<group>";
		};
		ADF0DB911C1D326600420CA0 /* FKValidator */ = {
			isa = PBXGroup;
			children = (
				ADF0DB921C1D326600420CA0 /* AppDelegate.swift */,
				ADF0DB941C1D326600420CA0 /* ViewController.swift */,
				ADF0DB961C1D326700420CA0 /* Main.storyboard */,
				ADF0DB991C1D326700420CA0 /* Assets.xcassets */,
				ADF0DB9B1C1D326700420CA0 /* LaunchScreen.storyboard */,
				ADF0DB9E1C1D326700420CA0 /* Info.plist */,
			);
			path = FKValidator;
			sourceTree = "<group>";
		};
		ADF0DBA61C1D326700420CA0 /* FKValidatorTests */ = {
			isa = PBXGroup;
			children = (
				ADF0DBA71C1D326700420CA0 /* FKValidatorTests.swift */,
				ADF0DBA91C1D326700420CA0 /* Info.plist */,
			);
			path = FKValidatorTests;
			sourceTree = "<group>";
		};
		ADF0DBB21C1D328A00420CA0 /* Classes */ = {
			isa = PBXGroup;
			children = (
				ADF0DBB51C1D332F00420CA0 /* Rules */,
				ADF0DBB31C1D32B100420CA0 /* FKValidator.swift */,
				ADBC8A6B1C1D384A00B3C81D /* FKValidatorConfig.swift */,
			);
			path = Classes;
			sourceTree = "<group>";
		};
		ADF0DBB51C1D332F00420CA0 /* Rules */ = {
			isa = PBXGroup;
			children = (
				ADF0DBB61C1D336000420CA0 /* FKValidatorRule.swift */,
				ADF0DBB81C1D338500420CA0 /* FKValidatorRuleRequired.swift */,
				ADF0DBBA1C1D33AB00420CA0 /* FKValidatorRuleExactLength.swift */,
				ADF0DBBC1C1D33BF00420CA0 /* FKValidatorRuleMinLength.swift */,
				ADF0DBBE1C1D33D700420CA0 /* FKValidatorRuleMaxLength.swift */,
				ADBC8A6D1C1D392000B3C81D /* FKValidatorRuleMinNumber.swift */,
				ADBC8A6F1C1D3B5000B3C81D /* FKValidatorRuleMaxNumber.swift */,
				ADBC8A711C1D3C6200B3C81D /* FKValidatorRuleBetweenNumber.swift */,
				AD3E46641C1D3E02000EC075 /* FKValidatorRuleMatchPattern.swift */,
				AD3E46661C1D4084000EC075 /* FKValidatorRuleMatchValue.swift */,
				AD3E46681C1D460C000EC075 /* FKValidatorRulePostalCode.swift */,
				AD3E466A1C1D46E1000EC075 /* FKValidatorRuleEmail.swift */,
				AD3E466C1C1D48F5000EC075 /* FKValidatorRuleURL.swift */,
				AD3E466E1C1D497A000EC075 /* FKValidatorRuleTelephone.swift */,
				AD3E46791C1D5124000EC075 /* FKValidatorRuleNumeric.swift */,
				AD3E467B1C1D51D6000EC075 /* FKValidatorRuleAlphabet.swift */,
				AD3E467D1C1D525F000EC075 /* FKValidatorRuleAlnum.swift */,
			);
			path = Rules;
			sourceTree = "<group>";
		};
/* End PBXGroup section */

/* Begin PBXNativeTarget section */
		ADF0DB8E1C1D326500420CA0 /* FKValidator */ = {
			isa = PBXNativeTarget;
			buildConfigurationList = ADF0DBAC1C1D326700420CA0 /* Build configuration list for PBXNativeTarget "FKValidator" */;
			buildPhases = (
				ADF0DB8B1C1D326500420CA0 /* Sources */,
				ADF0DB8C1C1D326500420CA0 /* Frameworks */,
				ADF0DB8D1C1D326500420CA0 /* Resources */,
			);
			buildRules = (
			);
			dependencies = (
			);
			name = FKValidator;
			productName = FKValidator;
			productReference = ADF0DB8F1C1D326600420CA0 /* FKValidator.app */;
			productType = "com.apple.product-type.application";
		};
		ADF0DBA21C1D326700420CA0 /* FKValidatorTests */ = {
			isa = PBXNativeTarget;
			buildConfigurationList = ADF0DBAF1C1D326700420CA0 /* Build configuration list for PBXNativeTarget "FKValidatorTests" */;
			buildPhases = (
				ADF0DB9F1C1D326700420CA0 /* Sources */,
				ADF0DBA01C1D326700420CA0 /* Frameworks */,
				ADF0DBA11C1D326700420CA0 /* Resources */,
			);
			buildRules = (
			);
			dependencies = (
				ADF0DBA51C1D326700420CA0 /* PBXTargetDependency */,
			);
			name = FKValidatorTests;
			productName = FKValidatorTests;
			productReference = ADF0DBA31C1D326700420CA0 /* FKValidatorTests.xctest */;
			productType = "com.apple.product-type.bundle.unit-test";
		};
/* End PBXNativeTarget section */

/* Begin PBXProject section */
		ADF0DB871C1D326500420CA0 /* Project object */ = {
			isa = PBXProject;
			attributes = {
				LastSwiftUpdateCheck = 0720;
				LastUpgradeCheck = 1020;
				ORGANIZATIONNAME = fromKK;
				TargetAttributes = {
					ADF0DB8E1C1D326500420CA0 = {
						CreatedOnToolsVersion = 7.2;
						LastSwiftMigration = 0810;
					};
					ADF0DBA21C1D326700420CA0 = {
						CreatedOnToolsVersion = 7.2;
						LastSwiftMigration = 0810;
						TestTargetID = ADF0DB8E1C1D326500420CA0;
					};
				};
			};
			buildConfigurationList = ADF0DB8A1C1D326500420CA0 /* Build configuration list for PBXProject "FKValidator" */;
			compatibilityVersion = "Xcode 3.2";
			developmentRegion = en;
			hasScannedForEncodings = 0;
			knownRegions = (
				en,
				Base,
				ja,
			);
			mainGroup = ADF0DB861C1D326500420CA0;
			productRefGroup = ADF0DB901C1D326600420CA0 /* Products */;
			projectDirPath = "";
			projectRoot = "";
			targets = (
				ADF0DB8E1C1D326500420CA0 /* FKValidator */,
				ADF0DBA21C1D326700420CA0 /* FKValidatorTests */,
			);
		};
/* End PBXProject section */

/* Begin PBXResourcesBuildPhase section */
		ADF0DB8D1C1D326500420CA0 /* Resources */ = {
			isa = PBXResourcesBuildPhase;
			buildActionMask = 2147483647;
			files = (
				ADF0DB9D1C1D326700420CA0 /* LaunchScreen.storyboard in Resources */,
				ADF0DB9A1C1D326700420CA0 /* Assets.xcassets in Resources */,
				ADF0DB981C1D326700420CA0 /* Main.storyboard in Resources */,
			);
			runOnlyForDeploymentPostprocessing = 0;
		};
		ADF0DBA11C1D326700420CA0 /* Resources */ = {
			isa = PBXResourcesBuildPhase;
			buildActionMask = 2147483647;
			files = (
			);
			runOnlyForDeploymentPostprocessing = 0;
		};
/* End PBXResourcesBuildPhase section */

/* Begin PBXSourcesBuildPhase section */
		ADF0DB8B1C1D326500420CA0 /* Sources */ = {
			isa = PBXSourcesBuildPhase;
			buildActionMask = 2147483647;
			files = (
				AD3E467C1C1D51D6000EC075 /* FKValidatorRuleAlphabet.swift in Sources */,
				ADF0DBBF1C1D33D700420CA0 /* FKValidatorRuleMaxLength.swift in Sources */,
				ADBC8A6E1C1D392000B3C81D /* FKValidatorRuleMinNumber.swift in Sources */,
				ADF0DB951C1D326700420CA0 /* ViewController.swift in Sources */,
				AD3E46651C1D3E02000EC075 /* FKValidatorRuleMatchPattern.swift in Sources */,
				ADBC8A721C1D3C6200B3C81D /* FKValidatorRuleBetweenNumber.swift in Sources */,
				ADBC8A701C1D3B5000B3C81D /* FKValidatorRuleMaxNumber.swift in Sources */,
				AD3E467A1C1D5124000EC075 /* FKValidatorRuleNumeric.swift in Sources */,
				AD3E466F1C1D497A000EC075 /* FKValidatorRuleTelephone.swift in Sources */,
				AD3E46691C1D460C000EC075 /* FKValidatorRulePostalCode.swift in Sources */,
				ADF0DBB91C1D338500420CA0 /* FKValidatorRuleRequired.swift in Sources */,
				ADF0DBBB1C1D33AB00420CA0 /* FKValidatorRuleExactLength.swift in Sources */,
				ADBC8A6C1C1D384A00B3C81D /* FKValidatorConfig.swift in Sources */,
				AD3E467E1C1D525F000EC075 /* FKValidatorRuleAlnum.swift in Sources */,
				AD3E466D1C1D48F5000EC075 /* FKValidatorRuleURL.swift in Sources */,
				ADF0DB931C1D326600420CA0 /* AppDelegate.swift in Sources */,
				ADF0DBB41C1D32B100420CA0 /* FKValidator.swift in Sources */,
				AD3E466B1C1D46E1000EC075 /* FKValidatorRuleEmail.swift in Sources */,
				AD3E46671C1D4084000EC075 /* FKValidatorRuleMatchValue.swift in Sources */,
				ADF0DBB71C1D336000420CA0 /* FKValidatorRule.swift in Sources */,
				ADF0DBBD1C1D33BF00420CA0 /* FKValidatorRuleMinLength.swift in Sources */,
			);
			runOnlyForDeploymentPostprocessing = 0;
		};
		ADF0DB9F1C1D326700420CA0 /* Sources */ = {
			isa = PBXSourcesBuildPhase;
			buildActionMask = 2147483647;
			files = (
				ADF0DBA81C1D326700420CA0 /* FKValidatorTests.swift in Sources */,
			);
			runOnlyForDeploymentPostprocessing = 0;
		};
/* End PBXSourcesBuildPhase section */

/* Begin PBXTargetDependency section */
		ADF0DBA51C1D326700420CA0 /* PBXTargetDependency */ = {
			isa = PBXTargetDependency;
			target = ADF0DB8E1C1D326500420CA0 /* FKValidator */;
			targetProxy = ADF0DBA41C1D326700420CA0 /* PBXContainerItemProxy */;
		};
/* End PBXTargetDependency section */

/* Begin PBXVariantGroup section */
		ADF0DB961C1D326700420CA0 /* Main.storyboard */ = {
			isa = PBXVariantGroup;
			children = (
				ADF0DB971C1D326700420CA0 /* Base */,
			);
			name = Main.storyboard;
			sourceTree = "<group>";
		};
		ADF0DB9B1C1D326700420CA0 /* LaunchScreen.storyboard */ = {
			isa = PBXVariantGroup;
			children = (
				ADF0DB9C1C1D326700420CA0 /* Base */,
			);
			name = LaunchScreen.storyboard;
			sourceTree = "<group>";
		};
/* End PBXVariantGroup section */

/* Begin XCBuildConfiguration section */
		ADF0DBAA1C1D326700420CA0 /* Debug */ = {
			isa = XCBuildConfiguration;
			buildSettings = {
				ALWAYS_SEARCH_USER_PATHS = NO;
				CLANG_ANALYZER_LOCALIZABILITY_NONLOCALIZED = YES;
				CLANG_CXX_LANGUAGE_STANDARD = "gnu++0x";
				CLANG_CXX_LIBRARY = "libc++";
				CLANG_ENABLE_MODULES = YES;
				CLANG_ENABLE_OBJC_ARC = YES;
				CLANG_WARN_BLOCK_CAPTURE_AUTORELEASING = YES;
				CLANG_WARN_BOOL_CONVERSION = YES;
				CLANG_WARN_COMMA = YES;
				CLANG_WARN_CONSTANT_CONVERSION = YES;
				CLANG_WARN_DEPRECATED_OBJC_IMPLEMENTATIONS = YES;
				CLANG_WARN_DIRECT_OBJC_ISA_USAGE = YES_ERROR;
				CLANG_WARN_EMPTY_BODY = YES;
				CLANG_WARN_ENUM_CONVERSION = YES;
				CLANG_WARN_INFINITE_RECURSION = YES;
				CLANG_WARN_INT_CONVERSION = YES;
				CLANG_WARN_NON_LITERAL_NULL_CONVERSION = YES;
				CLANG_WARN_OBJC_IMPLICIT_RETAIN_SELF = YES;
				CLANG_WARN_OBJC_LITERAL_CONVERSION = YES;
				CLANG_WARN_OBJC_ROOT_CLASS = YES_ERROR;
				CLANG_WARN_RANGE_LOOP_ANALYSIS = YES;
				CLANG_WARN_STRICT_PROTOTYPES = YES;
				CLANG_WARN_SUSPICIOUS_MOVE = YES;
				CLANG_WARN_UNREACHABLE_CODE = YES;
				CLANG_WARN__DUPLICATE_METHOD_MATCH = YES;
				"CODE_SIGN_IDENTITY[sdk=iphoneos*]" = "iPhone Developer";
				COPY_PHASE_STRIP = NO;
				DEBUG_INFORMATION_FORMAT = dwarf;
				ENABLE_STRICT_OBJC_MSGSEND = YES;
				ENABLE_TESTABILITY = YES;
				GCC_C_LANGUAGE_STANDARD = gnu99;
				GCC_DYNAMIC_NO_PIC = NO;
				GCC_NO_COMMON_BLOCKS = YES;
				GCC_OPTIMIZATION_LEVEL = 0;
				GCC_PREPROCESSOR_DEFINITIONS = (
					"DEBUG=1",
					"$(inherited)",
				);
				GCC_WARN_64_TO_32_BIT_CONVERSION = YES;
				GCC_WARN_ABOUT_RETURN_TYPE = YES_ERROR;
				GCC_WARN_UNDECLARED_SELECTOR = YES;
				GCC_WARN_UNINITIALIZED_AUTOS = YES_AGGRESSIVE;
				GCC_WARN_UNUSED_FUNCTION = YES;
				GCC_WARN_UNUSED_VARIABLE = YES;
				IPHONEOS_DEPLOYMENT_TARGET = 8.0;
				MTL_ENABLE_DEBUG_INFO = YES;
				ONLY_ACTIVE_ARCH = YES;
				SDKROOT = iphoneos;
				SWIFT_OPTIMIZATION_LEVEL = "-Onone";
				SWIFT_VERSION = 5.0;
				TARGETED_DEVICE_FAMILY = "1,2";
			};
			name = Debug;
		};
		ADF0DBAB1C1D326700420CA0 /* Release */ = {
			isa = XCBuildConfiguration;
			buildSettings = {
				ALWAYS_SEARCH_USER_PATHS = NO;
				CLANG_ANALYZER_LOCALIZABILITY_NONLOCALIZED = YES;
				CLANG_CXX_LANGUAGE_STANDARD = "gnu++0x";
				CLANG_CXX_LIBRARY = "libc++";
				CLANG_ENABLE_MODULES = YES;
				CLANG_ENABLE_OBJC_ARC = YES;
				CLANG_WARN_BLOCK_CAPTURE_AUTORELEASING = YES;
				CLANG_WARN_BOOL_CONVERSION = YES;
				CLANG_WARN_COMMA = YES;
				CLANG_WARN_CONSTANT_CONVERSION = YES;
				CLANG_WARN_DEPRECATED_OBJC_IMPLEMENTATIONS = YES;
				CLANG_WARN_DIRECT_OBJC_ISA_USAGE = YES_ERROR;
				CLANG_WARN_EMPTY_BODY = YES;
				CLANG_WARN_ENUM_CONVERSION = YES;
				CLANG_WARN_INFINITE_RECURSION = YES;
				CLANG_WARN_INT_CONVERSION = YES;
				CLANG_WARN_NON_LITERAL_NULL_CONVERSION = YES;
				CLANG_WARN_OBJC_IMPLICIT_RETAIN_SELF = YES;
				CLANG_WARN_OBJC_LITERAL_CONVERSION = YES;
				CLANG_WARN_OBJC_ROOT_CLASS = YES_ERROR;
				CLANG_WARN_RANGE_LOOP_ANALYSIS = YES;
				CLANG_WARN_STRICT_PROTOTYPES = YES;
				CLANG_WARN_SUSPICIOUS_MOVE = YES;
				CLANG_WARN_UNREACHABLE_CODE = YES;
				CLANG_WARN__DUPLICATE_METHOD_MATCH = YES;
				"CODE_SIGN_IDENTITY[sdk=iphoneos*]" = "iPhone Developer";
				COPY_PHASE_STRIP = NO;
				DEBUG_INFORMATION_FORMAT = "dwarf-with-dsym";
				ENABLE_NS_ASSERTIONS = NO;
				ENABLE_STRICT_OBJC_MSGSEND = YES;
				GCC_C_LANGUAGE_STANDARD = gnu99;
				GCC_NO_COMMON_BLOCKS = YES;
				GCC_WARN_64_TO_32_BIT_CONVERSION = YES;
				GCC_WARN_ABOUT_RETURN_TYPE = YES_ERROR;
				GCC_WARN_UNDECLARED_SELECTOR = YES;
				GCC_WARN_UNINITIALIZED_AUTOS = YES_AGGRESSIVE;
				GCC_WARN_UNUSED_FUNCTION = YES;
				GCC_WARN_UNUSED_VARIABLE = YES;
				IPHONEOS_DEPLOYMENT_TARGET = 8.0;
				MTL_ENABLE_DEBUG_INFO = NO;
				SDKROOT = iphoneos;
				SWIFT_OPTIMIZATION_LEVEL = "-Owholemodule";
				SWIFT_VERSION = 5.0;
				TARGETED_DEVICE_FAMILY = "1,2";
				VALIDATE_PRODUCT = YES;
			};
			name = Release;
		};
		ADF0DBAD1C1D326700420CA0 /* Debug */ = {
			isa = XCBuildConfiguration;
			buildSettings = {
				ASSETCATALOG_COMPILER_APPICON_NAME = AppIcon;
				CODE_SIGN_IDENTITY = "iPhone Developer";
				INFOPLIST_FILE = FKValidator/Info.plist;
				LD_RUNPATH_SEARCH_PATHS = "$(inherited) @executable_path/Frameworks";
				PRODUCT_BUNDLE_IDENTIFIER = me.fromkk.FKValidator;
				PRODUCT_NAME = "$(TARGET_NAME)";
				SWIFT_VERSION = 5.0;
			};
			name = Debug;
		};
		ADF0DBAE1C1D326700420CA0 /* Release */ = {
			isa = XCBuildConfiguration;
			buildSettings = {
				ASSETCATALOG_COMPILER_APPICON_NAME = AppIcon;
				CODE_SIGN_IDENTITY = "iPhone Developer";
				INFOPLIST_FILE = FKValidator/Info.plist;
				LD_RUNPATH_SEARCH_PATHS = "$(inherited) @executable_path/Frameworks";
				PRODUCT_BUNDLE_IDENTIFIER = me.fromkk.FKValidator;
				PRODUCT_NAME = "$(TARGET_NAME)";
				SWIFT_VERSION = 5.0;
			};
			name = Release;
		};
		ADF0DBB01C1D326700420CA0 /* Debug */ = {
			isa = XCBuildConfiguration;
			buildSettings = {
				BUNDLE_LOADER = "$(TEST_HOST)";
				INFOPLIST_FILE = FKValidatorTests/Info.plist;
				LD_RUNPATH_SEARCH_PATHS = "$(inherited) @executable_path/Frameworks @loader_path/Frameworks";
				PRODUCT_BUNDLE_IDENTIFIER = me.fromkk.FKValidatorTests;
				PRODUCT_NAME = "$(TARGET_NAME)";
				SWIFT_VERSION = 5.0;
				TEST_HOST = "$(BUILT_PRODUCTS_DIR)/FKValidator.app/FKValidator";
			};
			name = Debug;
		};
		ADF0DBB11C1D326700420CA0 /* Release */ = {
			isa = XCBuildConfiguration;
			buildSettings = {
				BUNDLE_LOADER = "$(TEST_HOST)";
				INFOPLIST_FILE = FKValidatorTests/Info.plist;
				LD_RUNPATH_SEARCH_PATHS = "$(inherited) @executable_path/Frameworks @loader_path/Frameworks";
				PRODUCT_BUNDLE_IDENTIFIER = me.fromkk.FKValidatorTests;
				PRODUCT_NAME = "$(TARGET_NAME)";
				SWIFT_VERSION = 5.0;
				TEST_HOST = "$(BUILT_PRODUCTS_DIR)/FKValidator.app/FKValidator";
			};
			name = Release;
		};
/* End XCBuildConfiguration section */

/* Begin XCConfigurationList section */
		ADF0DB8A1C1D326500420CA0 /* Build configuration list for PBXProject "FKValidator" */ = {
			isa = XCConfigurationList;
			buildConfigurations = (
				ADF0DBAA1C1D326700420CA0 /* Debug */,
				ADF0DBAB1C1D326700420CA0 /* Release */,
			);
			defaultConfigurationIsVisible = 0;
			defaultConfigurationName = Release;
		};
		ADF0DBAC1C1D326700420CA0 /* Build configuration list for PBXNativeTarget "FKValidator" */ = {
			isa = XCConfigurationList;
			buildConfigurations = (
				ADF0DBAD1C1D326700420CA0 /* Debug */,
				ADF0DBAE1C1D326700420CA0 /* Release */,
			);
			defaultConfigurationIsVisible = 0;
			defaultConfigurationName = Release;
		};
		ADF0DBAF1C1D326700420CA0 /* Build configuration list for PBXNativeTarget "FKValidatorTests" */ = {
			isa = XCConfigurationList;
			buildConfigurations = (
				ADF0DBB01C1D326700420CA0 /* Debug */,
				ADF0DBB11C1D326700420CA0 /* Release */,
			);
			defaultConfigurationIsVisible = 0;
			defaultConfigurationName = Release;
		};
/* End XCConfigurationList section */
	};
	rootObject = ADF0DB871C1D326500420CA0 /* Project object */;
}
